// !$*UTF8*$!
{
	archiveVersion = 1;
	classes = {
	};
	objectVersion = 56;
	objects = {

/* Begin PBXBuildFile section */
		E87E9ABA2BA5BCBF00B98011 /* CircleImage.swift in Sources */ = {isa = PBXBuildFile; fileRef = E87E9AB92BA5BCBF00B98011 /* CircleImage.swift */; };
		E87E9ABC2BA5BD9C00B98011 /* MapView.swift in Sources */ = {isa = PBXBuildFile; fileRef = E87E9ABB2BA5BD9C00B98011 /* MapView.swift */; };
		E8A2B3FC2BA575DA0056A2A7 /* LandmarksApp.swift in Sources */ = {isa = PBXBuildFile; fileRef = E8A2B3FB2BA575DA0056A2A7 /* LandmarksApp.swift */; };
		E8A2B3FE2BA575DA0056A2A7 /* ContentView.swift in Sources */ = {isa = PBXBuildFile; fileRef = E8A2B3FD2BA575DA0056A2A7 /* ContentView.swift */; };
		E8A2B4002BA575DC0056A2A7 /* Assets.xcassets in Resources */ = {isa = PBXBuildFile; fileRef = E8A2B3FF2BA575DC0056A2A7 /* Assets.xcassets */; };
		E8A2B4032BA575DC0056A2A7 /* Preview Assets.xcassets in Resources */ = {isa = PBXBuildFile; fileRef = E8A2B4022BA575DC0056A2A7 /* Preview Assets.xcassets */; };
		E8A2B40D2BA575DC0056A2A7 /* LandmarksTests.swift in Sources */ = {isa = PBXBuildFile; fileRef = E8A2B40C2BA575DC0056A2A7 /* LandmarksTests.swift */; };
		E8A2B4172BA575DC0056A2A7 /* LandmarksUITests.swift in Sources */ = {isa = PBXBuildFile; fileRef = E8A2B4162BA575DC0056A2A7 /* LandmarksUITests.swift */; };
		E8A2B4192BA575DC0056A2A7 /* LandmarksUITestsLaunchTests.swift in Sources */ = {isa = PBXBuildFile; fileRef = E8A2B4182BA575DC0056A2A7 /* LandmarksUITestsLaunchTests.swift */; };
/* End PBXBuildFile section */

/* Begin PBXContainerItemProxy section */
		E8A2B4092BA575DC0056A2A7 /* PBXContainerItemProxy */ = {
			isa = PBXContainerItemProxy;
			containerPortal = E8A2B3F02BA575DA0056A2A7 /* Project object */;
			proxyType = 1;
			remoteGlobalIDString = E8A2B3F72BA575DA0056A2A7;
			remoteInfo = Landmarks;
		};
		E8A2B4132BA575DC0056A2A7 /* PBXContainerItemProxy */ = {
			isa = PBXContainerItemProxy;
			containerPortal = E8A2B3F02BA575DA0056A2A7 /* Project object */;
			proxyType = 1;
			remoteGlobalIDString = E8A2B3F72BA575DA0056A2A7;
			remoteInfo = Landmarks;
		};
/* End PBXContainerItemProxy section */

/* Begin PBXFileReference section */
		E87E9AB92BA5BCBF00B98011 /* CircleImage.swift */ = {isa = PBXFileReference; lastKnownFileType = sourcecode.swift; path = CircleImage.swift; sourceTree = "<group>"; };
		E87E9ABB2BA5BD9C00B98011 /* MapView.swift */ = {isa = PBXFileReference; lastKnownFileType = sourcecode.swift; path = MapView.swift; sourceTree = "<group>"; };
		E8A2B3F82BA575DA0056A2A7 /* Landmarks.app */ = {isa = PBXFileReference; explicitFileType = wrapper.application; includeInIndex = 0; path = Landmarks.app; sourceTree = BUILT_PRODUCTS_DIR; };
		E8A2B3FB2BA575DA0056A2A7 /* LandmarksApp.swift */ = {isa = PBXFileReference; lastKnownFileType = sourcecode.swift; path = LandmarksApp.swift; sourceTree = "<group>"; };
		E8A2B3FD2BA575DA0056A2A7 /* ContentView.swift */ = {isa = PBXFileReference; lastKnownFileType = sourcecode.swift; path = ContentView.swift; sourceTree = "<group>"; };
		E8A2B3FF2BA575DC0056A2A7 /* Assets.xcassets */ = {isa = PBXFileReference; lastKnownFileType = folder.assetcatalog; path = Assets.xcassets; sourceTree = "<group>"; };
		E8A2B4022BA575DC0056A2A7 /* Preview Assets.xcassets */ = {isa = PBXFileReference; lastKnownFileType = folder.assetcatalog; path = "Preview Assets.xcassets"; sourceTree = "<group>"; };
		E8A2B4082BA575DC0056A2A7 /* LandmarksTests.xctest */ = {isa = PBXFileReference; explicitFileType = wrapper.cfbundle; includeInIndex = 0; path = LandmarksTests.xctest; sourceTree = BUILT_PRODUCTS_DIR; };
		E8A2B40C2BA575DC0056A2A7 /* LandmarksTests.swift */ = {isa = PBXFileReference; lastKnownFileType = sourcecode.swift; path = LandmarksTests.swift; sourceTree = "<group>"; };
		E8A2B4122BA575DC0056A2A7 /* LandmarksUITests.xctest */ = {isa = PBXFileReference; explicitFileType = wrapper.cfbundle; includeInIndex = 0; path = LandmarksUITests.xctest; sourceTree = BUILT_PRODUCTS_DIR; };
		E8A2B4162BA575DC0056A2A7 /* LandmarksUITests.swift */ = {isa = PBXFileReference; lastKnownFileType = sourcecode.swift; path = LandmarksUITests.swift; sourceTree = "<group>"; };
		E8A2B4182BA575DC0056A2A7 /* LandmarksUITestsLaunchTests.swift */ = {isa = PBXFileReference; lastKnownFileType = sourcecode.swift; path = LandmarksUITestsLaunchTests.swift; sourceTree = "<group>"; };
/* End PBXFileReference section */

/* Begin PBXFrameworksBuildPhase section */
		E8A2B3F52BA575DA0056A2A7 /* Frameworks */ = {
			isa = PBXFrameworksBuildPhase;
			buildActionMask = 2147483647;
			files = (
			);
			runOnlyForDeploymentPostprocessing = 0;
		};
		E8A2B4052BA575DC0056A2A7 /* Frameworks */ = {
			isa = PBXFrameworksBuildPhase;
			buildActionMask = 2147483647;
			files = (
			);
			runOnlyForDeploymentPostprocessing = 0;
		};
		E8A2B40F2BA575DC0056A2A7 /* Frameworks */ = {
			isa = PBXFrameworksBuildPhase;
			buildActionMask = 2147483647;
			files = (
			);
			runOnlyForDeploymentPostprocessing = 0;
		};
/* End PBXFrameworksBuildPhase section */

/* Begin PBXGroup section */
		E87E9AB82BA5BC9000B98011 /* Views */ = {
			isa = PBXGroup;
			children = (
				E8A2B3FD2BA575DA0056A2A7 /* ContentView.swift */,
				E87E9AB92BA5BCBF00B98011 /* CircleImage.swift */,
				E87E9ABB2BA5BD9C00B98011 /* MapView.swift */,
			);
			path = Views;
			sourceTree = "<group>";
		};
		E8A2B3EF2BA575DA0056A2A7 = {
			isa = PBXGroup;
			children = (
				E8A2B3FA2BA575DA0056A2A7 /* Landmarks */,
				E8A2B40B2BA575DC0056A2A7 /* LandmarksTests */,
				E8A2B4152BA575DC0056A2A7 /* LandmarksUITests */,
				E8A2B3F92BA575DA0056A2A7 /* Products */,
			);
			sourceTree = "<group>";
		};
		E8A2B3F92BA575DA0056A2A7 /* Products */ = {
			isa = PBXGroup;
			children = (
				E8A2B3F82BA575DA0056A2A7 /* Landmarks.app */,
				E8A2B4082BA575DC0056A2A7 /* LandmarksTests.xctest */,
				E8A2B4122BA575DC0056A2A7 /* LandmarksUITests.xctest */,
			);
			name = Products;
			sourceTree = "<group>";
		};
		E8A2B3FA2BA575DA0056A2A7 /* Landmarks */ = {
			isa = PBXGroup;
			children = (
				E8A2B3FB2BA575DA0056A2A7 /* LandmarksApp.swift */,
				E87E9AB82BA5BC9000B98011 /* Views */,
				E8A2B3FF2BA575DC0056A2A7 /* Assets.xcassets */,
				E8A2B4012BA575DC0056A2A7 /* Preview Content */,
			);
			path = Landmarks;
			sourceTree = "<group>";
		};
		E8A2B4012BA575DC0056A2A7 /* Preview Content */ = {
			isa = PBXGroup;
			children = (
				E8A2B4022BA575DC0056A2A7 /* Preview Assets.xcassets */,
			);
			path = "Preview Content";
			sourceTree = "<group>";
		};
		E8A2B40B2BA575DC0056A2A7 /* LandmarksTests */ = {
			isa = PBXGroup;
			children = (
				E8A2B40C2BA575DC0056A2A7 /* LandmarksTests.swift */,
			);
			path = LandmarksTests;
			sourceTree = "<group>";
		};
		E8A2B4152BA575DC0056A2A7 /* LandmarksUITests */ = {
			isa = PBXGroup;
			children = (
				E8A2B4162BA575DC0056A2A7 /* LandmarksUITests.swift */,
				E8A2B4182BA575DC0056A2A7 /* LandmarksUITestsLaunchTests.swift */,
			);
			path = LandmarksUITests;
			sourceTree = "<group>";
		};
/* End PBXGroup section */

/* Begin PBXNativeTarget section */
		E8A2B3F72BA575DA0056A2A7 /* Landmarks */ = {
			isa = PBXNativeTarget;
			buildConfigurationList = E8A2B41C2BA575DC0056A2A7 /* Build configuration list for PBXNativeTarget "Landmarks" */;
			buildPhases = (
				E8A2B3F42BA575DA0056A2A7 /* Sources */,
				E8A2B3F52BA575DA0056A2A7 /* Frameworks */,
				E8A2B3F62BA575DA0056A2A7 /* Resources */,
			);
			buildRules = (
			);
			dependencies = (
			);
			name = Landmarks;
			productName = Landmarks;
			productReference = E8A2B3F82BA575DA0056A2A7 /* Landmarks.app */;
			productType = "com.apple.product-type.application";
		};
		E8A2B4072BA575DC0056A2A7 /* LandmarksTests */ = {
			isa = PBXNativeTarget;
			buildConfigurationList = E8A2B41F2BA575DC0056A2A7 /* Build configuration list for PBXNativeTarget "LandmarksTests" */;
			buildPhases = (
				E8A2B4042BA575DC0056A2A7 /* Sources */,
				E8A2B4052BA575DC0056A2A7 /* Frameworks */,
				E8A2B4062BA575DC0056A2A7 /* Resources */,
			);
			buildRules = (
			);
			dependencies = (
				E8A2B40A2BA575DC0056A2A7 /* PBXTargetDependency */,
			);
			name = LandmarksTests;
			productName = LandmarksTests;
			productReference = E8A2B4082BA575DC0056A2A7 /* LandmarksTests.xctest */;
			productType = "com.apple.product-type.bundle.unit-test";
		};
		E8A2B4112BA575DC0056A2A7 /* LandmarksUITests */ = {
			isa = PBXNativeTarget;
			buildConfigurationList = E8A2B4222BA575DC0056A2A7 /* Build configuration list for PBXNativeTarget "LandmarksUITests" */;
			buildPhases = (
				E8A2B40E2BA575DC0056A2A7 /* Sources */,
				E8A2B40F2BA575DC0056A2A7 /* Frameworks */,
				E8A2B4102BA575DC0056A2A7 /* Resources */,
			);
			buildRules = (
			);
			dependencies = (
				E8A2B4142BA575DC0056A2A7 /* PBXTargetDependency */,
			);
			name = LandmarksUITests;
			productName = LandmarksUITests;
			productReference = E8A2B4122BA575DC0056A2A7 /* LandmarksUITests.xctest */;
			productType = "com.apple.product-type.bundle.ui-testing";
		};
/* End PBXNativeTarget section */

/* Begin PBXProject section */
		E8A2B3F02BA575DA0056A2A7 /* Project object */ = {
			isa = PBXProject;
			attributes = {
				BuildIndependentTargetsInParallel = 1;
				LastSwiftUpdateCheck = 1530;
				LastUpgradeCheck = 1530;
				TargetAttributes = {
					E8A2B3F72BA575DA0056A2A7 = {
						CreatedOnToolsVersion = 15.3;
					};
					E8A2B4072BA575DC0056A2A7 = {
						CreatedOnToolsVersion = 15.3;
						TestTargetID = E8A2B3F72BA575DA0056A2A7;
					};
					E8A2B4112BA575DC0056A2A7 = {
						CreatedOnToolsVersion = 15.3;
						TestTargetID = E8A2B3F72BA575DA0056A2A7;
					};
				};
			};
			buildConfigurationList = E8A2B3F32BA575DA0056A2A7 /* Build configuration list for PBXProject "Landmarks" */;
			compatibilityVersion = "Xcode 14.0";
			developmentRegion = en;
			hasScannedForEncodings = 0;
			knownRegions = (
				en,
				Base,
			);
			mainGroup = E8A2B3EF2BA575DA0056A2A7;
			productRefGroup = E8A2B3F92BA575DA0056A2A7 /* Products */;
			projectDirPath = "";
			projectRoot = "";
			targets = (
				E8A2B3F72BA575DA0056A2A7 /* Landmarks */,
				E8A2B4072BA575DC0056A2A7 /* LandmarksTests */,
				E8A2B4112BA575DC0056A2A7 /* LandmarksUITests */,
			);
		};
/* End PBXProject section */

/* Begin PBXResourcesBuildPhase section */
		E8A2B3F62BA575DA0056A2A7 /* Resources */ = {
			isa = PBXResourcesBuildPhase;
			buildActionMask = 2147483647;
			files = (
				E8A2B4032BA575DC0056A2A7 /* Preview Assets.xcassets in Resources */,
				E8A2B4002BA575DC0056A2A7 /* Assets.xcassets in Resources */,
			);
			runOnlyForDeploymentPostprocessing = 0;
		};
		E8A2B4062BA575DC0056A2A7 /* Resources */ = {
			isa = PBXResourcesBuildPhase;
			buildActionMask = 2147483647;
			files = (
			);
			runOnlyForDeploymentPostprocessing = 0;
		};
		E8A2B4102BA575DC0056A2A7 /* Resources */ = {
			isa = PBXResourcesBuildPhase;
			buildActionMask = 2147483647;
			files = (
			);
			runOnlyForDeploymentPostprocessing = 0;
		};
/* End PBXResourcesBuildPhase section */

/* Begin PBXSourcesBuildPhase section */
		E8A2B3F42BA575DA0056A2A7 /* Sources */ = {
			isa = PBXSourcesBuildPhase;
			buildActionMask = 2147483647;
			files = (
				E8A2B3FE2BA575DA0056A2A7 /* ContentView.swift in Sources */,
				E87E9ABC2BA5BD9C00B98011 /* MapView.swift in Sources */,
				E8A2B3FC2BA575DA0056A2A7 /* LandmarksApp.swift in Sources */,
				E87E9ABA2BA5BCBF00B98011 /* CircleImage.swift in Sources */,
			);
			runOnlyForDeploymentPostprocessing = 0;
		};
		E8A2B4042BA575DC0056A2A7 /* Sources */ = {
			isa = PBXSourcesBuildPhase;
			buildActionMask = 2147483647;
			files = (
				E8A2B40D2BA575DC0056A2A7 /* LandmarksTests.swift in Sources */,
			);
			runOnlyForDeploymentPostprocessing = 0;
		};
		E8A2B40E2BA575DC0056A2A7 /* Sources */ = {
			isa = PBXSourcesBuildPhase;
			buildActionMask = 2147483647;
			files = (
				E8A2B4192BA575DC0056A2A7 /* LandmarksUITestsLaunchTests.swift in Sources */,
				E8A2B4172BA575DC0056A2A7 /* LandmarksUITests.swift in Sources */,
			);
			runOnlyForDeploymentPostprocessing = 0;
		};
/* End PBXSourcesBuildPhase section */

/* Begin PBXTargetDependency section */
		E8A2B40A2BA575DC0056A2A7 /* PBXTargetDependency */ = {
			isa = PBXTargetDependency;
			target = E8A2B3F72BA575DA0056A2A7 /* Landmarks */;
			targetProxy = E8A2B4092BA575DC0056A2A7 /* PBXContainerItemProxy */;
		};
		E8A2B4142BA575DC0056A2A7 /* PBXTargetDependency */ = {
			isa = PBXTargetDependency;
			target = E8A2B3F72BA575DA0056A2A7 /* Landmarks */;
			targetProxy = E8A2B4132BA575DC0056A2A7 /* PBXContainerItemProxy */;
		};
/* End PBXTargetDependency section */

/* Begin XCBuildConfiguration section */
		E8A2B41A2BA575DC0056A2A7 /* Debug */ = {
			isa = XCBuildConfiguration;
			buildSettings = {
				ALWAYS_SEARCH_USER_PATHS = NO;
				ASSETCATALOG_COMPILER_GENERATE_SWIFT_ASSET_SYMBOL_EXTENSIONS = YES;
				CLANG_ANALYZER_NONNULL = YES;
				CLANG_ANALYZER_NUMBER_OBJECT_CONVERSION = YES_AGGRESSIVE;
				CLANG_CXX_LANGUAGE_STANDARD = "gnu++20";
				CLANG_ENABLE_MODULES = YES;
				CLANG_ENABLE_OBJC_ARC = YES;
				CLANG_ENABLE_OBJC_WEAK = YES;
				CLANG_WARN_BLOCK_CAPTURE_AUTORELEASING = YES;
				CLANG_WARN_BOOL_CONVERSION = YES;
				CLANG_WARN_COMMA = YES;
				CLANG_WARN_CONSTANT_CONVERSION = YES;
				CLANG_WARN_DEPRECATED_OBJC_IMPLEMENTATIONS = YES;
				CLANG_WARN_DIRECT_OBJC_ISA_USAGE = YES_ERROR;
				CLANG_WARN_DOCUMENTATION_COMMENTS = YES;
				CLANG_WARN_EMPTY_BODY = YES;
				CLANG_WARN_ENUM_CONVERSION = YES;
				CLANG_WARN_INFINITE_RECURSION = YES;
				CLANG_WARN_INT_CONVERSION = YES;
				CLANG_WARN_NON_LITERAL_NULL_CONVERSION = YES;
				CLANG_WARN_OBJC_IMPLICIT_RETAIN_SELF = YES;
				CLANG_WARN_OBJC_LITERAL_CONVERSION = YES;
				CLANG_WARN_OBJC_ROOT_CLASS = YES_ERROR;
				CLANG_WARN_QUOTED_INCLUDE_IN_FRAMEWORK_HEADER = YES;
				CLANG_WARN_RANGE_LOOP_ANALYSIS = YES;
				CLANG_WARN_STRICT_PROTOTYPES = YES;
				CLANG_WARN_SUSPICIOUS_MOVE = YES;
				CLANG_WARN_UNGUARDED_AVAILABILITY = YES_AGGRESSIVE;
				CLANG_WARN_UNREACHABLE_CODE = YES;
				CLANG_WARN__DUPLICATE_METHOD_MATCH = YES;
				COPY_PHASE_STRIP = NO;
				DEBUG_INFORMATION_FORMAT = dwarf;
				ENABLE_STRICT_OBJC_MSGSEND = YES;
				ENABLE_TESTABILITY = YES;
				ENABLE_USER_SCRIPT_SANDBOXING = YES;
				GCC_C_LANGUAGE_STANDARD = gnu17;
				GCC_DYNAMIC_NO_PIC = NO;
				GCC_NO_COMMON_BLOCKS = YES;
				GCC_OPTIMIZATION_LEVEL = 0;
				GCC_PREPROCESSOR_DEFINITIONS = (
					"DEBUG=1",
					"$(inherited)",
				);
				GCC_WARN_64_TO_32_BIT_CONVERSION = YES;
				GCC_WARN_ABOUT_RETURN_TYPE = YES_ERROR;
				GCC_WARN_UNDECLARED_SELECTOR = YES;
				GCC_WARN_UNINITIALIZED_AUTOS = YES_AGGRESSIVE;
				GCC_WARN_UNUSED_FUNCTION = YES;
				GCC_WARN_UNUSED_VARIABLE = YES;
				IPHONEOS_DEPLOYMENT_TARGET = 17.4;
				LOCALIZATION_PREFERS_STRING_CATALOGS = YES;
				MTL_ENABLE_DEBUG_INFO = INCLUDE_SOURCE;
				MTL_FAST_MATH = YES;
				ONLY_ACTIVE_ARCH = YES;
				SDKROOT = iphoneos;
				SWIFT_ACTIVE_COMPILATION_CONDITIONS = "DEBUG $(inherited)";
				SWIFT_OPTIMIZATION_LEVEL = "-Onone";
			};
			name = Debug;
		};
		E8A2B41B2BA575DC0056A2A7 /* Release */ = {
			isa = XCBuildConfiguration;
			buildSettings = {
				ALWAYS_SEARCH_USER_PATHS = NO;
				ASSETCATALOG_COMPILER_GENERATE_SWIFT_ASSET_SYMBOL_EXTENSIONS = YES;
				CLANG_ANALYZER_NONNULL = YES;
				CLANG_ANALYZER_NUMBER_OBJECT_CONVERSION = YES_AGGRESSIVE;
				CLANG_CXX_LANGUAGE_STANDARD = "gnu++20";
				CLANG_ENABLE_MODULES = YES;
				CLANG_ENABLE_OBJC_ARC = YES;
				CLANG_ENABLE_OBJC_WEAK = YES;
				CLANG_WARN_BLOCK_CAPTURE_AUTORELEASING = YES;
				CLANG_WARN_BOOL_CONVERSION = YES;
				CLANG_WARN_COMMA = YES;
				CLANG_WARN_CONSTANT_CONVERSION = YES;
				CLANG_WARN_DEPRECATED_OBJC_IMPLEMENTATIONS = YES;
				CLANG_WARN_DIRECT_OBJC_ISA_USAGE = YES_ERROR;
				CLANG_WARN_DOCUMENTATION_COMMENTS = YES;
				CLANG_WARN_EMPTY_BODY = YES;
				CLANG_WARN_ENUM_CONVERSION = YES;
				CLANG_WARN_INFINITE_RECURSION = YES;
				CLANG_WARN_INT_CONVERSION = YES;
				CLANG_WARN_NON_LITERAL_NULL_CONVERSION = YES;
				CLANG_WARN_OBJC_IMPLICIT_RETAIN_SELF = YES;
				CLANG_WARN_OBJC_LITERAL_CONVERSION = YES;
				CLANG_WARN_OBJC_ROOT_CLASS = YES_ERROR;
				CLANG_WARN_QUOTED_INCLUDE_IN_FRAMEWORK_HEADER = YES;
				CLANG_WARN_RANGE_LOOP_ANALYSIS = YES;
				CLANG_WARN_STRICT_PROTOTYPES = YES;
				CLANG_WARN_SUSPICIOUS_MOVE = YES;
				CLANG_WARN_UNGUARDED_AVAILABILITY = YES_AGGRESSIVE;
				CLANG_WARN_UNREACHABLE_CODE = YES;
				CLANG_WARN__DUPLICATE_METHOD_MATCH = YES;
				COPY_PHASE_STRIP = NO;
				DEBUG_INFORMATION_FORMAT = "dwarf-with-dsym";
				ENABLE_NS_ASSERTIONS = NO;
				ENABLE_STRICT_OBJC_MSGSEND = YES;
				ENABLE_USER_SCRIPT_SANDBOXING = YES;
				GCC_C_LANGUAGE_STANDARD = gnu17;
				GCC_NO_COMMON_BLOCKS = YES;
				GCC_WARN_64_TO_32_BIT_CONVERSION = YES;
				GCC_WARN_ABOUT_RETURN_TYPE = YES_ERROR;
				GCC_WARN_UNDECLARED_SELECTOR = YES;
				GCC_WARN_UNINITIALIZED_AUTOS = YES_AGGRESSIVE;
				GCC_WARN_UNUSED_FUNCTION = YES;
				GCC_WARN_UNUSED_VARIABLE = YES;
				IPHONEOS_DEPLOYMENT_TARGET = 17.4;
				LOCALIZATION_PREFERS_STRING_CATALOGS = YES;
				MTL_ENABLE_DEBUG_INFO = NO;
				MTL_FAST_MATH = YES;
				SDKROOT = iphoneos;
				SWIFT_COMPILATION_MODE = wholemodule;
				VALIDATE_PRODUCT = YES;
			};
			name = Release;
		};
		E8A2B41D2BA575DC0056A2A7 /* Debug */ = {
			isa = XCBuildConfiguration;
			buildSettings = {
				ASSETCATALOG_COMPILER_APPICON_NAME = AppIcon;
				ASSETCATALOG_COMPILER_GLOBAL_ACCENT_COLOR_NAME = AccentColor;
				CODE_SIGN_STYLE = Automatic;
				CURRENT_PROJECT_VERSION = 1;
				DEVELOPMENT_ASSET_PATHS = "\"Landmarks/Preview Content\"";
				DEVELOPMENT_TEAM = J64WKVQ9QY;
				ENABLE_PREVIEWS = YES;
				GENERATE_INFOPLIST_FILE = YES;
				INFOPLIST_KEY_UIApplicationSceneManifest_Generation = YES;
				INFOPLIST_KEY_UIApplicationSupportsIndirectInputEvents = YES;
				INFOPLIST_KEY_UILaunchScreen_Generation = YES;
				INFOPLIST_KEY_UISupportedInterfaceOrientations_iPad = "UIInterfaceOrientationPortrait UIInterfaceOrientationPortraitUpsideDown UIInterfaceOrientationLandscapeLeft UIInterfaceOrientationLandscapeRight";
				INFOPLIST_KEY_UISupportedInterfaceOrientations_iPhone = "UIInterfaceOrientationPortrait UIInterfaceOrientationLandscapeLeft UIInterfaceOrientationLandscapeRight";
				LD_RUNPATH_SEARCH_PATHS = (
					"$(inherited)",
					"@executable_path/Frameworks",
				);
				MARKETING_VERSION = 1.0;
				PRODUCT_BUNDLE_IDENTIFIER = com.kunalyelne.Landmarks;
				PRODUCT_NAME = "$(TARGET_NAME)";
				SWIFT_EMIT_LOC_STRINGS = YES;
				SWIFT_VERSION = 5.0;
				TARGETED_DEVICE_FAMILY = "1,2";
			};
			name = Debug;
		};
		E8A2B41E2BA575DC0056A2A7 /* Release */ = {
			isa = XCBuildConfiguration;
			buildSettings = {
				ASSETCATALOG_COMPILER_APPICON_NAME = AppIcon;
				ASSETCATALOG_COMPILER_GLOBAL_ACCENT_COLOR_NAME = AccentColor;
				CODE_SIGN_STYLE = Automatic;
				CURRENT_PROJECT_VERSION = 1;
				DEVELOPMENT_ASSET_PATHS = "\"Landmarks/Preview Content\"";
				DEVELOPMENT_TEAM = J64WKVQ9QY;
				ENABLE_PREVIEWS = YES;
				GENERATE_INFOPLIST_FILE = YES;
				INFOPLIST_KEY_UIApplicationSceneManifest_Generation = YES;
				INFOPLIST_KEY_UIApplicationSupportsIndirectInputEvents = YES;
				INFOPLIST_KEY_UILaunchScreen_Generation = YES;
				INFOPLIST_KEY_UISupportedInterfaceOrientations_iPad = "UIInterfaceOrientationPortrait UIInterfaceOrientationPortraitUpsideDown UIInterfaceOrientationLandscapeLeft UIInterfaceOrientationLandscapeRight";
				INFOPLIST_KEY_UISupportedInterfaceOrientations_iPhone = "UIInterfaceOrientationPortrait UIInterfaceOrientationLandscapeLeft UIInterfaceOrientationLandscapeRight";
				LD_RUNPATH_SEARCH_PATHS = (
					"$(inherited)",
					"@executable_path/Frameworks",
				);
				MARKETING_VERSION = 1.0;
				PRODUCT_BUNDLE_IDENTIFIER = com.kunalyelne.Landmarks;
				PRODUCT_NAME = "$(TARGET_NAME)";
				SWIFT_EMIT_LOC_STRINGS = YES;
				SWIFT_VERSION = 5.0;
				TARGETED_DEVICE_FAMILY = "1,2";
			};
			name = Release;
		};
		E8A2B4202BA575DC0056A2A7 /* Debug */ = {
			isa = XCBuildConfiguration;
			buildSettings = {
				ALWAYS_EMBED_SWIFT_STANDARD_LIBRARIES = YES;
				BUNDLE_LOADER = "$(TEST_HOST)";
				CODE_SIGN_STYLE = Automatic;
				CURRENT_PROJECT_VERSION = 1;
				DEVELOPMENT_TEAM = J64WKVQ9QY;
				GENERATE_INFOPLIST_FILE = YES;
				IPHONEOS_DEPLOYMENT_TARGET = 17.4;
				MARKETING_VERSION = 1.0;
				PRODUCT_BUNDLE_IDENTIFIER = com.kunalyelne.LandmarksTests;
				PRODUCT_NAME = "$(TARGET_NAME)";
				SWIFT_EMIT_LOC_STRINGS = NO;
				SWIFT_VERSION = 5.0;
				TARGETED_DEVICE_FAMILY = "1,2";
				TEST_HOST = "$(BUILT_PRODUCTS_DIR)/Landmarks.app/$(BUNDLE_EXECUTABLE_FOLDER_PATH)/Landmarks";
			};
			name = Debug;
		};
		E8A2B4212BA575DC0056A2A7 /* Release */ = {
			isa = XCBuildConfiguration;
			buildSettings = {
				ALWAYS_EMBED_SWIFT_STANDARD_LIBRARIES = YES;
				BUNDLE_LOADER = "$(TEST_HOST)";
				CODE_SIGN_STYLE = Automatic;
				CURRENT_PROJECT_VERSION = 1;
				DEVELOPMENT_TEAM = J64WKVQ9QY;
				GENERATE_INFOPLIST_FILE = YES;
				IPHONEOS_DEPLOYMENT_TARGET = 17.4;
				MARKETING_VERSION = 1.0;
				PRODUCT_BUNDLE_IDENTIFIER = com.kunalyelne.LandmarksTests;
				PRODUCT_NAME = "$(TARGET_NAME)";
				SWIFT_EMIT_LOC_STRINGS = NO;
				SWIFT_VERSION = 5.0;
				TARGETED_DEVICE_FAMILY = "1,2";
				TEST_HOST = "$(BUILT_PRODUCTS_DIR)/Landmarks.app/$(BUNDLE_EXECUTABLE_FOLDER_PATH)/Landmarks";
			};
			name = Release;
		};
		E8A2B4232BA575DC0056A2A7 /* Debug */ = {
			isa = XCBuildConfiguration;
			buildSettings = {
				ALWAYS_EMBED_SWIFT_STANDARD_LIBRARIES = YES;
				CODE_SIGN_STYLE = Automatic;
				CURRENT_PROJECT_VERSION = 1;
				DEVELOPMENT_TEAM = J64WKVQ9QY;
				GENERATE_INFOPLIST_FILE = YES;
				MARKETING_VERSION = 1.0;
				PRODUCT_BUNDLE_IDENTIFIER = com.kunalyelne.LandmarksUITests;
				PRODUCT_NAME = "$(TARGET_NAME)";
				SWIFT_EMIT_LOC_STRINGS = NO;
				SWIFT_VERSION = 5.0;
				TARGETED_DEVICE_FAMILY = "1,2";
				TEST_TARGET_NAME = Landmarks;
			};
			name = Debug;
		};
		E8A2B4242BA575DC0056A2A7 /* Release */ = {
			isa = XCBuildConfiguration;
			buildSettings = {
				ALWAYS_EMBED_SWIFT_STANDARD_LIBRARIES = YES;
				CODE_SIGN_STYLE = Automatic;
				CURRENT_PROJECT_VERSION = 1;
				DEVELOPMENT_TEAM = J64WKVQ9QY;
				GENERATE_INFOPLIST_FILE = YES;
				MARKETING_VERSION = 1.0;
				PRODUCT_BUNDLE_IDENTIFIER = com.kunalyelne.LandmarksUITests;
				PRODUCT_NAME = "$(TARGET_NAME)";
				SWIFT_EMIT_LOC_STRINGS = NO;
				SWIFT_VERSION = 5.0;
				TARGETED_DEVICE_FAMILY = "1,2";
				TEST_TARGET_NAME = Landmarks;
			};
			name = Release;
		};
/* End XCBuildConfiguration section */

/* Begin XCConfigurationList section */
		E8A2B3F32BA575DA0056A2A7 /* Build configuration list for PBXProject "Landmarks" */ = {
			isa = XCConfigurationList;
			buildConfigurations = (
				E8A2B41A2BA575DC0056A2A7 /* Debug */,
				E8A2B41B2BA575DC0056A2A7 /* Release */,
			);
			defaultConfigurationIsVisible = 0;
			defaultConfigurationName = Release;
		};
		E8A2B41C2BA575DC0056A2A7 /* Build configuration list for PBXNativeTarget "Landmarks" */ = {
			isa = XCConfigurationList;
			buildConfigurations = (
				E8A2B41D2BA575DC0056A2A7 /* Debug */,
				E8A2B41E2BA575DC0056A2A7 /* Release */,
			);
			defaultConfigurationIsVisible = 0;
			defaultConfigurationName = Release;
		};
		E8A2B41F2BA575DC0056A2A7 /* Build configuration list for PBXNativeTarget "LandmarksTests" */ = {
			isa = XCConfigurationList;
			buildConfigurations = (
				E8A2B4202BA575DC0056A2A7 /* Debug */,
				E8A2B4212BA575DC0056A2A7 /* Release */,
			);
			defaultConfigurationIsVisible = 0;
			defaultConfigurationName = Release;
		};
		E8A2B4222BA575DC0056A2A7 /* Build configuration list for PBXNativeTarget "LandmarksUITests" */ = {
			isa = XCConfigurationList;
			buildConfigurations = (
				E8A2B4232BA575DC0056A2A7 /* Debug */,
				E8A2B4242BA575DC0056A2A7 /* Release */,
			);
			defaultConfigurationIsVisible = 0;
			defaultConfigurationName = Release;
		};
/* End XCConfigurationList section */
	};
	rootObject = E8A2B3F02BA575DA0056A2A7 /* Project object */;
}
